
Microsoft Visual Studio Solution File, Format Version 12.00
# Visual Studio Version 16
VisualStudioVersion = 16.0.29403.142
MinimumVisualStudioVersion = 10.0.40219.1
Project("{FAE04EC0-301F-11D3-BF4B-00C04F79EFBC}") = "KK_Wardrobe", "KK_Wardrobe.csproj", "{B350B39F-7A5C-4697-B5C0-4B58304C8569}"
EndProject
Global
	GlobalSection(SolutionConfigurationPlatforms) = preSolution
		Debug|Any CPU = Debug|Any CPU
		Release|Any CPU = Release|Any CPU
	EndGlobalSection
	GlobalSection(ProjectConfigurationPlatforms) = postSolution
		{B350B39F-7A5C-4697-B5C0-4B58304C8569}.Debug|Any CPU.ActiveCfg = Debug|Any CPU
		{B350B39F-7A5C-4697-B5C0-4B58304C8569}.Debug|Any CPU.Build.0 = Debug|Any CPU
		{B350B39F-7A5C-4697-B5C0-4B58304C8569}.Release|Any CPU.ActiveCfg = Release|Any CPU
		{B350B39F-7A5C-4697-B5C0-4B58304C8569}.Release|Any CPU.Build.0 = Release|Any CPU
	EndGlobalSection
	GlobalSection(SolutionProperties) = preSolution
		HideSolutionNode = FALSE
	EndGlobalSection
	GlobalSection(ExtensibilityGlobals) = postSolution
		SolutionGuid = {CB02FB2F-6A32-4335-A148-4AE569BB90FE}
	EndGlobalSection
EndGlobal
